// !$*UTF8*$!
{
	archiveVersion = 1;
	classes = {
	};
	objectVersion = 56;
	objects = {

/* Begin PBXBuildFile section */
		17A75E382F1904220053A621 /* TestProjectGitHubApp.swift in Sources */ = {isa = PBXBuildFile; fileRef = 17A75E372F1904220053A621 /* TestProjectGitHubApp.swift */; };
		17A75E3A2F1904220053A621 /* ContentView.swift in Sources */ = {isa = PBXBuildFile; fileRef = 17A75E392F1904220053A621 /* ContentView.swift */; };
		17A75E3C2F1904230053A621 /* Assets.xcassets in Resources */ = {isa = PBXBuildFile; fileRef = 17A75E3B2F1904230053A621 /* Assets.xcassets */; };
		17A75E3F2F1904230053A621 /* Preview Assets.xcassets in Resources */ = {isa = PBXBuildFile; fileRef = 17A75E3E2F1904230053A621 /* Preview Assets.xcassets */; };
		17A75E462F190E300053A621 /* TestMainView.swift in Sources */ = {isa = PBXBuildFile; fileRef = 17A75E452F190E300053A621 /* TestMainView.swift */; };
		17A75E492F193E5C0053A621 /* ButtonStyles.swift in Sources */ = {isa = PBXBuildFile; fileRef = 17A75E482F193E5C0053A621 /* ButtonStyles.swift */; };
		17A75E4B2F195B560053A621 /* SignUpView.swift in Sources */ = {isa = PBXBuildFile; fileRef = 17A75E4A2F195B550053A621 /* SignUpView.swift */; };
		17A75E4D2F195B650053A621 /* SignInView.swift in Sources */ = {isa = PBXBuildFile; fileRef = 17A75E4C2F195B650053A621 /* SignInView.swift */; };
		17A75E502F195F240053A621 /* TextFieldModifier.swift in Sources */ = {isa = PBXBuildFile; fileRef = 17A75E4F2F195F240053A621 /* TextFieldModifier.swift */; };
		17A75E552F196CF90053A621 /* KeychainSwift in Frameworks */ = {isa = PBXBuildFile; productRef = 17A75E542F196CF90053A621 /* KeychainSwift */; };
		17A75E582F1970DD0053A621 /* MainView.swift in Sources */ = {isa = PBXBuildFile; fileRef = 17A75E572F1970DD0053A621 /* MainView.swift */; };
/* End PBXBuildFile section */

/* Begin PBXFileReference section */
		17A75E342F1904220053A621 /* TestProjectGitHub.app */ = {isa = PBXFileReference; explicitFileType = wrapper.application; includeInIndex = 0; path = TestProjectGitHub.app; sourceTree = BUILT_PRODUCTS_DIR; };
		17A75E372F1904220053A621 /* TestProjectGitHubApp.swift */ = {isa = PBXFileReference; lastKnownFileType = sourcecode.swift; path = TestProjectGitHubApp.swift; sourceTree = "<group>"; };
		17A75E392F1904220053A621 /* ContentView.swift */ = {isa = PBXFileReference; lastKnownFileType = sourcecode.swift; path = ContentView.swift; sourceTree = "<group>"; };
		17A75E3B2F1904230053A621 /* Assets.xcassets */ = {isa = PBXFileReference; lastKnownFileType = folder.assetcatalog; path = Assets.xcassets; sourceTree = "<group>"; };
		17A75E3E2F1904230053A621 /* Preview Assets.xcassets */ = {isa = PBXFileReference; lastKnownFileType = folder.assetcatalog; path = "Preview Assets.xcassets"; sourceTree = "<group>"; };
		17A75E452F190E300053A621 /* TestMainView.swift */ = {isa = PBXFileReference; lastKnownFileType = sourcecode.swift; path = TestMainView.swift; sourceTree = "<group>"; };
		17A75E482F193E5C0053A621 /* ButtonStyles.swift */ = {isa = PBXFileReference; lastKnownFileType = sourcecode.swift; path = ButtonStyles.swift; sourceTree = "<group>"; };
		17A75E4A2F195B550053A621 /* SignUpView.swift */ = {isa = PBXFileReference; lastKnownFileType = sourcecode.swift; path = SignUpView.swift; sourceTree = "<group>"; };
		17A75E4C2F195B650053A621 /* SignInView.swift */ = {isa = PBXFileReference; lastKnownFileType = sourcecode.swift; path = SignInView.swift; sourceTree = "<group>"; };
		17A75E4F2F195F240053A621 /* TextFieldModifier.swift */ = {isa = PBXFileReference; lastKnownFileType = sourcecode.swift; path = TextFieldModifier.swift; sourceTree = "<group>"; };
		17A75E572F1970DD0053A621 /* MainView.swift */ = {isa = PBXFileReference; lastKnownFileType = sourcecode.swift; path = MainView.swift; sourceTree = "<group>"; };
/* End PBXFileReference section */

/* Begin PBXFrameworksBuildPhase section */
		17A75E312F1904220053A621 /* Frameworks */ = {
			isa = PBXFrameworksBuildPhase;
			buildActionMask = 2147483647;
			files = (
				17A75E552F196CF90053A621 /* KeychainSwift in Frameworks */,
			);
			runOnlyForDeploymentPostprocessing = 0;
		};
/* End PBXFrameworksBuildPhase section */

/* Begin PBXGroup section */
		17A75E2B2F1904220053A621 = {
			isa = PBXGroup;
			children = (
				17A75E362F1904220053A621 /* TestProjectGitHub */,
				17A75E352F1904220053A621 /* Products */,
			);
			sourceTree = "<group>";
		};
		17A75E352F1904220053A621 /* Products */ = {
			isa = PBXGroup;
			children = (
				17A75E342F1904220053A621 /* TestProjectGitHub.app */,
			);
			name = Products;
			sourceTree = "<group>";
		};
		17A75E362F1904220053A621 /* TestProjectGitHub */ = {
			isa = PBXGroup;
			children = (
				17A75E372F1904220053A621 /* TestProjectGitHubApp.swift */,
				17A75E392F1904220053A621 /* ContentView.swift */,
				17A75E452F190E300053A621 /* TestMainView.swift */,
				17A75E562F1970AA0053A621 /* MainView */,
				17A75E472F193E430053A621 /* UI */,
				17A75E3B2F1904230053A621 /* Assets.xcassets */,
				17A75E3D2F1904230053A621 /* Preview Content */,
			);
			path = TestProjectGitHub;
			sourceTree = "<group>";
		};
		17A75E3D2F1904230053A621 /* Preview Content */ = {
			isa = PBXGroup;
			children = (
				17A75E3E2F1904230053A621 /* Preview Assets.xcassets */,
			);
			path = "Preview Content";
			sourceTree = "<group>";
		};
		17A75E472F193E430053A621 /* UI */ = {
			isa = PBXGroup;
			children = (
				17A75E512F1966BC0053A621 /* SignUp */,
				17A75E522F1967330053A621 /* SignIn */,
				17A75E4A2F195B550053A621 /* SignUpView.swift */,
				17A75E4C2F195B650053A621 /* SignInView.swift */,
				17A75E4E2F195B700053A621 /* ButtonStyle */,
			);
			path = UI;
			sourceTree = "<group>";
		};
		17A75E4E2F195B700053A621 /* ButtonStyle */ = {
			isa = PBXGroup;
			children = (
				17A75E482F193E5C0053A621 /* ButtonStyles.swift */,
				17A75E4F2F195F240053A621 /* TextFieldModifier.swift */,
			);
			path = ButtonStyle;
			sourceTree = "<group>";
		};
		17A75E512F1966BC0053A621 /* SignUp */ = {
			isa = PBXGroup;
			children = (
			);
			path = SignUp;
			sourceTree = "<group>";
		};
		17A75E522F1967330053A621 /* SignIn */ = {
			isa = PBXGroup;
			children = (
			);
			path = SignIn;
			sourceTree = "<group>";
		};
		17A75E562F1970AA0053A621 /* MainView */ = {
			isa = PBXGroup;
			children = (
				17A75E572F1970DD0053A621 /* MainView.swift */,
			);
			path = MainView;
			sourceTree = "<group>";
		};
/* End PBXGroup section */

/* Begin PBXNativeTarget section */
		17A75E332F1904220053A621 /* TestProjectGitHub */ = {
			isa = PBXNativeTarget;
			buildConfigurationList = 17A75E422F1904230053A621 /* Build configuration list for PBXNativeTarget "TestProjectGitHub" */;
			buildPhases = (
				17A75E302F1904220053A621 /* Sources */,
				17A75E312F1904220053A621 /* Frameworks */,
				17A75E322F1904220053A621 /* Resources */,
			);
			buildRules = (
			);
			dependencies = (
			);
			name = TestProjectGitHub;
			packageProductDependencies = (
				17A75E542F196CF90053A621 /* KeychainSwift */,
			);
			productName = TestProjectGitHub;
			productReference = 17A75E342F1904220053A621 /* TestProjectGitHub.app */;
			productType = "com.apple.product-type.application";
		};
/* End PBXNativeTarget section */

/* Begin PBXProject section */
		17A75E2C2F1904220053A621 /* Project object */ = {
			isa = PBXProject;
			attributes = {
				BuildIndependentTargetsInParallel = 1;
				LastSwiftUpdateCheck = 1540;
				LastUpgradeCheck = 1540;
				TargetAttributes = {
					17A75E332F1904220053A621 = {
						CreatedOnToolsVersion = 15.4;
					};
				};
			};
			buildConfigurationList = 17A75E2F2F1904220053A621 /* Build configuration list for PBXProject "TestProjectGitHub" */;
			compatibilityVersion = "Xcode 14.0";
			developmentRegion = en;
			hasScannedForEncodings = 0;
			knownRegions = (
				en,
				Base,
			);
			mainGroup = 17A75E2B2F1904220053A621;
			packageReferences = (
				17A75E532F196CF80053A621 /* XCRemoteSwiftPackageReference "keychain-swift" */,
			);
			productRefGroup = 17A75E352F1904220053A621 /* Products */;
			projectDirPath = "";
			projectRoot = "";
			targets = (
				17A75E332F1904220053A621 /* TestProjectGitHub */,
			);
		};
/* End PBXProject section */

/* Begin PBXResourcesBuildPhase section */
		17A75E322F1904220053A621 /* Resources */ = {
			isa = PBXResourcesBuildPhase;
			buildActionMask = 2147483647;
			files = (
				17A75E3F2F1904230053A621 /* Preview Assets.xcassets in Resources */,
				17A75E3C2F1904230053A621 /* Assets.xcassets in Resources */,
			);
			runOnlyForDeploymentPostprocessing = 0;
		};
/* End PBXResourcesBuildPhase section */

/* Begin PBXSourcesBuildPhase section */
		17A75E302F1904220053A621 /* Sources */ = {
			isa = PBXSourcesBuildPhase;
			buildActionMask = 2147483647;
			files = (
				17A75E4D2F195B650053A621 /* SignInView.swift in Sources */,
				17A75E582F1970DD0053A621 /* MainView.swift in Sources */,
				17A75E3A2F1904220053A621 /* ContentView.swift in Sources */,
				17A75E4B2F195B560053A621 /* SignUpView.swift in Sources */,
				17A75E492F193E5C0053A621 /* ButtonStyles.swift in Sources */,
				17A75E502F195F240053A621 /* TextFieldModifier.swift in Sources */,
				17A75E382F1904220053A621 /* TestProjectGitHubApp.swift in Sources */,
				17A75E462F190E300053A621 /* TestMainView.swift in Sources */,
			);
			runOnlyForDeploymentPostprocessing = 0;
		};
/* End PBXSourcesBuildPhase section */

/* Begin XCBuildConfiguration section */
		17A75E402F1904230053A621 /* Debug */ = {
			isa = XCBuildConfiguration;
			buildSettings = {
				ALWAYS_SEARCH_USER_PATHS = NO;
				ASSETCATALOG_COMPILER_GENERATE_SWIFT_ASSET_SYMBOL_EXTENSIONS = YES;
				CLANG_ANALYZER_NONNULL = YES;
				CLANG_ANALYZER_NUMBER_OBJECT_CONVERSION = YES_AGGRESSIVE;
				CLANG_CXX_LANGUAGE_STANDARD = "gnu++20";
				CLANG_ENABLE_MODULES = YES;
				CLANG_ENABLE_OBJC_ARC = YES;
				CLANG_ENABLE_OBJC_WEAK = YES;
				CLANG_WARN_BLOCK_CAPTURE_AUTORELEASING = YES;
				CLANG_WARN_BOOL_CONVERSION = YES;
				CLANG_WARN_COMMA = YES;
				CLANG_WARN_CONSTANT_CONVERSION = YES;
				CLANG_WARN_DEPRECATED_OBJC_IMPLEMENTATIONS = YES;
				CLANG_WARN_DIRECT_OBJC_ISA_USAGE = YES_ERROR;
				CLANG_WARN_DOCUMENTATION_COMMENTS = YES;
				CLANG_WARN_EMPTY_BODY = YES;
				CLANG_WARN_ENUM_CONVERSION = YES;
				CLANG_WARN_INFINITE_RECURSION = YES;
				CLANG_WARN_INT_CONVERSION = YES;
				CLANG_WARN_NON_LITERAL_NULL_CONVERSION = YES;
				CLANG_WARN_OBJC_IMPLICIT_RETAIN_SELF = YES;
				CLANG_WARN_OBJC_LITERAL_CONVERSION = YES;
				CLANG_WARN_OBJC_ROOT_CLASS = YES_ERROR;
				CLANG_WARN_QUOTED_INCLUDE_IN_FRAMEWORK_HEADER = YES;
				CLANG_WARN_RANGE_LOOP_ANALYSIS = YES;
				CLANG_WARN_STRICT_PROTOTYPES = YES;
				CLANG_WARN_SUSPICIOUS_MOVE = YES;
				CLANG_WARN_UNGUARDED_AVAILABILITY = YES_AGGRESSIVE;
				CLANG_WARN_UNREACHABLE_CODE = YES;
				CLANG_WARN__DUPLICATE_METHOD_MATCH = YES;
				COPY_PHASE_STRIP = NO;
				DEBUG_INFORMATION_FORMAT = dwarf;
				ENABLE_STRICT_OBJC_MSGSEND = YES;
				ENABLE_TESTABILITY = YES;
				ENABLE_USER_SCRIPT_SANDBOXING = YES;
				GCC_C_LANGUAGE_STANDARD = gnu17;
				GCC_DYNAMIC_NO_PIC = NO;
				GCC_NO_COMMON_BLOCKS = YES;
				GCC_OPTIMIZATION_LEVEL = 0;
				GCC_PREPROCESSOR_DEFINITIONS = (
					"DEBUG=1",
					"$(inherited)",
				);
				GCC_WARN_64_TO_32_BIT_CONVERSION = YES;
				GCC_WARN_ABOUT_RETURN_TYPE = YES_ERROR;
				GCC_WARN_UNDECLARED_SELECTOR = YES;
				GCC_WARN_UNINITIALIZED_AUTOS = YES_AGGRESSIVE;
				GCC_WARN_UNUSED_FUNCTION = YES;
				GCC_WARN_UNUSED_VARIABLE = YES;
				IPHONEOS_DEPLOYMENT_TARGET = 15.0;
				LOCALIZATION_PREFERS_STRING_CATALOGS = YES;
				MTL_ENABLE_DEBUG_INFO = INCLUDE_SOURCE;
				MTL_FAST_MATH = YES;
				ONLY_ACTIVE_ARCH = YES;
				SDKROOT = iphoneos;
				SWIFT_ACTIVE_COMPILATION_CONDITIONS = "DEBUG $(inherited)";
				SWIFT_OPTIMIZATION_LEVEL = "-Onone";
			};
			name = Debug;
		};
		17A75E412F1904230053A621 /* Release */ = {
			isa = XCBuildConfiguration;
			buildSettings = {
				ALWAYS_SEARCH_USER_PATHS = NO;
				ASSETCATALOG_COMPILER_GENERATE_SWIFT_ASSET_SYMBOL_EXTENSIONS = YES;
				CLANG_ANALYZER_NONNULL = YES;
				CLANG_ANALYZER_NUMBER_OBJECT_CONVERSION = YES_AGGRESSIVE;
				CLANG_CXX_LANGUAGE_STANDARD = "gnu++20";
				CLANG_ENABLE_MODULES = YES;
				CLANG_ENABLE_OBJC_ARC = YES;
				CLANG_ENABLE_OBJC_WEAK = YES;
				CLANG_WARN_BLOCK_CAPTURE_AUTORELEASING = YES;
				CLANG_WARN_BOOL_CONVERSION = YES;
				CLANG_WARN_COMMA = YES;
				CLANG_WARN_CONSTANT_CONVERSION = YES;
				CLANG_WARN_DEPRECATED_OBJC_IMPLEMENTATIONS = YES;
				CLANG_WARN_DIRECT_OBJC_ISA_USAGE = YES_ERROR;
				CLANG_WARN_DOCUMENTATION_COMMENTS = YES;
				CLANG_WARN_EMPTY_BODY = YES;
				CLANG_WARN_ENUM_CONVERSION = YES;
				CLANG_WARN_INFINITE_RECURSION = YES;
				CLANG_WARN_INT_CONVERSION = YES;
				CLANG_WARN_NON_LITERAL_NULL_CONVERSION = YES;
				CLANG_WARN_OBJC_IMPLICIT_RETAIN_SELF = YES;
				CLANG_WARN_OBJC_LITERAL_CONVERSION = YES;
				CLANG_WARN_OBJC_ROOT_CLASS = YES_ERROR;
				CLANG_WARN_QUOTED_INCLUDE_IN_FRAMEWORK_HEADER = YES;
				CLANG_WARN_RANGE_LOOP_ANALYSIS = YES;
				CLANG_WARN_STRICT_PROTOTYPES = YES;
				CLANG_WARN_SUSPICIOUS_MOVE = YES;
				CLANG_WARN_UNGUARDED_AVAILABILITY = YES_AGGRESSIVE;
				CLANG_WARN_UNREACHABLE_CODE = YES;
				CLANG_WARN__DUPLICATE_METHOD_MATCH = YES;
				COPY_PHASE_STRIP = NO;
				DEBUG_INFORMATION_FORMAT = "dwarf-with-dsym";
				ENABLE_NS_ASSERTIONS = NO;
				ENABLE_STRICT_OBJC_MSGSEND = YES;
				ENABLE_USER_SCRIPT_SANDBOXING = YES;
				GCC_C_LANGUAGE_STANDARD = gnu17;
				GCC_NO_COMMON_BLOCKS = YES;
				GCC_WARN_64_TO_32_BIT_CONVERSION = YES;
				GCC_WARN_ABOUT_RETURN_TYPE = YES_ERROR;
				GCC_WARN_UNDECLARED_SELECTOR = YES;
				GCC_WARN_UNINITIALIZED_AUTOS = YES_AGGRESSIVE;
				GCC_WARN_UNUSED_FUNCTION = YES;
				GCC_WARN_UNUSED_VARIABLE = YES;
				IPHONEOS_DEPLOYMENT_TARGET = 15.0;
				LOCALIZATION_PREFERS_STRING_CATALOGS = YES;
				MTL_ENABLE_DEBUG_INFO = NO;
				MTL_FAST_MATH = YES;
				SDKROOT = iphoneos;
				SWIFT_COMPILATION_MODE = wholemodule;
				VALIDATE_PRODUCT = YES;
			};
			name = Release;
		};
		17A75E432F1904230053A621 /* Debug */ = {
			isa = XCBuildConfiguration;
			buildSettings = {
				ASSETCATALOG_COMPILER_APPICON_NAME = AppIcon;
				ASSETCATALOG_COMPILER_GLOBAL_ACCENT_COLOR_NAME = AccentColor;
				CODE_SIGN_STYLE = Automatic;
				CURRENT_PROJECT_VERSION = 1;
				DEVELOPMENT_ASSET_PATHS = "\"TestProjectGitHub/Preview Content\"";
				ENABLE_PREVIEWS = YES;
				GENERATE_INFOPLIST_FILE = YES;
				INFOPLIST_KEY_UIApplicationSceneManifest_Generation = YES;
				INFOPLIST_KEY_UIApplicationSupportsIndirectInputEvents = YES;
				INFOPLIST_KEY_UILaunchScreen_Generation = YES;
				INFOPLIST_KEY_UISupportedInterfaceOrientations_iPad = "UIInterfaceOrientationPortrait UIInterfaceOrientationPortraitUpsideDown UIInterfaceOrientationLandscapeLeft UIInterfaceOrientationLandscapeRight";
				INFOPLIST_KEY_UISupportedInterfaceOrientations_iPhone = "UIInterfaceOrientationPortrait UIInterfaceOrientationLandscapeLeft UIInterfaceOrientationLandscapeRight";
				LD_RUNPATH_SEARCH_PATHS = (
					"$(inherited)",
					"@executable_path/Frameworks",
				);
				MARKETING_VERSION = 1.0;
				PRODUCT_BUNDLE_IDENTIFIER = Test2.TestProjectGitHub;
				PRODUCT_NAME = "$(TARGET_NAME)";
				SUPPORTED_PLATFORMS = "iphoneos iphonesimulator";
				SUPPORTS_MACCATALYST = NO;
				SUPPORTS_XR_DESIGNED_FOR_IPHONE_IPAD = NO;
				SWIFT_EMIT_LOC_STRINGS = YES;
				SWIFT_VERSION = 5.0;
				TARGETED_DEVICE_FAMILY = "1,2";
			};
			name = Debug;
		};
		17A75E442F1904230053A621 /* Release */ = {
			isa = XCBuildConfiguration;
			buildSettings = {
				ASSETCATALOG_COMPILER_APPICON_NAME = AppIcon;
				ASSETCATALOG_COMPILER_GLOBAL_ACCENT_COLOR_NAME = AccentColor;
				CODE_SIGN_STYLE = Automatic;
				CURRENT_PROJECT_VERSION = 1;
				DEVELOPMENT_ASSET_PATHS = "\"TestProjectGitHub/Preview Content\"";
				ENABLE_PREVIEWS = YES;
				GENERATE_INFOPLIST_FILE = YES;
				INFOPLIST_KEY_UIApplicationSceneManifest_Generation = YES;
				INFOPLIST_KEY_UIApplicationSupportsIndirectInputEvents = YES;
				INFOPLIST_KEY_UILaunchScreen_Generation = YES;
				INFOPLIST_KEY_UISupportedInterfaceOrientations_iPad = "UIInterfaceOrientationPortrait UIInterfaceOrientationPortraitUpsideDown UIInterfaceOrientationLandscapeLeft UIInterfaceOrientationLandscapeRight";
				INFOPLIST_KEY_UISupportedInterfaceOrientations_iPhone = "UIInterfaceOrientationPortrait UIInterfaceOrientationLandscapeLeft UIInterfaceOrientationLandscapeRight";
				LD_RUNPATH_SEARCH_PATHS = (
					"$(inherited)",
					"@executable_path/Frameworks",
				);
				MARKETING_VERSION = 1.0;
				PRODUCT_BUNDLE_IDENTIFIER = Test2.TestProjectGitHub;
				PRODUCT_NAME = "$(TARGET_NAME)";
				SUPPORTED_PLATFORMS = "iphoneos iphonesimulator";
				SUPPORTS_MACCATALYST = NO;
				SUPPORTS_XR_DESIGNED_FOR_IPHONE_IPAD = NO;
				SWIFT_EMIT_LOC_STRINGS = YES;
				SWIFT_VERSION = 5.0;
				TARGETED_DEVICE_FAMILY = "1,2";
			};
			name = Release;
		};
/* End XCBuildConfiguration section */

/* Begin XCConfigurationList section */
		17A75E2F2F1904220053A621 /* Build configuration list for PBXProject "TestProjectGitHub" */ = {
			isa = XCConfigurationList;
			buildConfigurations = (
				17A75E402F1904230053A621 /* Debug */,
				17A75E412F1904230053A621 /* Release */,
			);
			defaultConfigurationIsVisible = 0;
			defaultConfigurationName = Release;
		};
		17A75E422F1904230053A621 /* Build configuration list for PBXNativeTarget "TestProjectGitHub" */ = {
			isa = XCConfigurationList;
			buildConfigurations = (
				17A75E432F1904230053A621 /* Debug */,
				17A75E442F1904230053A621 /* Release */,
			);
			defaultConfigurationIsVisible = 0;
			defaultConfigurationName = Release;
		};
/* End XCConfigurationList section */

/* Begin XCRemoteSwiftPackageReference section */
		17A75E532F196CF80053A621 /* XCRemoteSwiftPackageReference "keychain-swift" */ = {
			isa = XCRemoteSwiftPackageReference;
			repositoryURL = "https://github.com/evgenyneu/keychain-swift.git";
			requirement = {
				kind = upToNextMajorVersion;
				minimumVersion = 24.0.0;
			};
		};
/* End XCRemoteSwiftPackageReference section */

/* Begin XCSwiftPackageProductDependency section */
		17A75E542F196CF90053A621 /* KeychainSwift */ = {
			isa = XCSwiftPackageProductDependency;
			package = 17A75E532F196CF80053A621 /* XCRemoteSwiftPackageReference "keychain-swift" */;
			productName = KeychainSwift;
		};
/* End XCSwiftPackageProductDependency section */
	};
	rootObject = 17A75E2C2F1904220053A621 /* Project object */;
}
